
Microsoft Visual Studio Solution File, Format Version 12.00
# Visual Studio 15
VisualStudioVersion = 15.0.28307.572
MinimumVisualStudioVersion = 10.0.40219.1
Project("{FAE04EC0-301F-11D3-BF4B-00C04F79EFBC}") = "FaLinksPropertyEditor.Web", "FaLinksPropertyEditor.Web\FaLinksPropertyEditor.Web.csproj", "{2834E689-F1A8-4360-AC98-3C668ADF18E2}"
EndProject
Project("{FAE04EC0-301F-11D3-BF4B-00C04F79EFBC}") = "FaLinksPropertyEditor", "FaLinksPropertyEditor\FaLinksPropertyEditor.csproj", "{ED73EBD4-DD63-4EFA-BDC6-A05E19374EA8}"
EndProject
Global
	GlobalSection(SolutionConfigurationPlatforms) = preSolution
		Debug|Any CPU = Debug|Any CPU
		Release|Any CPU = Release|Any CPU
	EndGlobalSection
	GlobalSection(ProjectConfigurationPlatforms) = postSolution
		{2834E689-F1A8-4360-AC98-3C668ADF18E2}.Debug|Any CPU.ActiveCfg = Debug|Any CPU
		{2834E689-F1A8-4360-AC98-3C668ADF18E2}.Debug|Any CPU.Build.0 = Debug|Any CPU
		{2834E689-F1A8-4360-AC98-3C668ADF18E2}.Release|Any CPU.ActiveCfg = Release|Any CPU
		{2834E689-F1A8-4360-AC98-3C668ADF18E2}.Release|Any CPU.Build.0 = Release|Any CPU
		{ED73EBD4-DD63-4EFA-BDC6-A05E19374EA8}.Debug|Any CPU.ActiveCfg = Debug|Any CPU
		{ED73EBD4-DD63-4EFA-BDC6-A05E19374EA8}.Debug|Any CPU.Build.0 = Debug|Any CPU
		{ED73EBD4-DD63-4EFA-BDC6-A05E19374EA8}.Release|Any CPU.ActiveCfg = Release|Any CPU
		{ED73EBD4-DD63-4EFA-BDC6-A05E19374EA8}.Release|Any CPU.Build.0 = Release|Any CPU
	EndGlobalSection
	GlobalSection(SolutionProperties) = preSolution
		HideSolutionNode = FALSE
	EndGlobalSection
	GlobalSection(ExtensibilityGlobals) = postSolution
		SolutionGuid = {B72A22F1-8C64-46F6-8734-F0EEEDDE495E}
	EndGlobalSection
EndGlobal
